# THIS IS AN AUTOGENERATED FILE. DO NOT EDIT THIS FILE DIRECTLY.
# yarn lockfile v1


"@babel/runtime@^7.4.3", "@babel/runtime@^7.6.2":
  version "7.11.2"
  resolved "https://registry.yarnpkg.com/@babel/runtime/-/runtime-7.11.2.tgz#f549c13c754cc40b87644b9fa9f09a6a95fe0736"
  dependencies:
    regenerator-runtime "^0.13.4"

"@react-pdf/fontkit@^1.11.0", "@react-pdf/fontkit@^1.13.0":
  version "1.13.0"
  resolved "https://registry.yarnpkg.com/@react-pdf/fontkit/-/fontkit-1.13.0.tgz#ec14cc61120e814c1d48cf276771684ec615be9e"
  dependencies:
    "@react-pdf/unicode-properties" "^2.2.0"
    brotli "^1.2.0"
    clone "^1.0.1"
    deep-equal "^1.0.0"
    dfa "^1.0.0"
    restructure "^0.5.3"
    tiny-inflate "^1.0.2"
    unicode-trie "^0.3.0"

"@react-pdf/pdfkit@^1.4.2":
  version "1.5.0"
  resolved "https://registry.yarnpkg.com/@react-pdf/pdfkit/-/pdfkit-1.5.0.tgz#f51502e899ba8559b0ee91b292a5f54520c9de39"
  dependencies:
    "@react-pdf/fontkit" "^1.11.0"
    "@react-pdf/png-js" "^1.0.0"
    lz-string "^1.4.4"

"@react-pdf/png-js@^1.0.0":
  version "1.0.0"
  resolved "https://registry.yarnpkg.com/@react-pdf/png-js/-/png-js-1.0.0.tgz#00fcb969dca4ce82a0a7673413ade039e47b361e"

"@react-pdf/renderer@^1.5.4":
  version "1.6.10"
  resolved "https://registry.yarnpkg.com/@react-pdf/renderer/-/renderer-1.6.10.tgz#f6daee3de97f126ef8128dcbf6823a429effa26d"
  dependencies:
    "@babel/runtime" "^7.6.2"
    "@react-pdf/fontkit" "^1.13.0"
    "@react-pdf/pdfkit" "^1.4.2"
    "@react-pdf/png-js" "^1.0.0"
    "@react-pdf/textkit" "^0.3.7"
    blob-stream "^0.1.3"
    cross-fetch "^3.0.4"
    emoji-regex "^8.0.0"
    is-url "^1.2.4"
    media-engine "^1.0.3"
    page-wrapping "^1.1.0"
    ramda "^0.26.1"
    react-reconciler "^0.24.0"
    scheduler "^0.18.0"
    yoga-layout-prebuilt "^1.9.3"

"@react-pdf/textkit@^0.3.7":
  version "0.3.7"
  resolved "https://registry.yarnpkg.com/@react-pdf/textkit/-/textkit-0.3.7.tgz#67bcc4d952ad1cd738b3cb38c8396219450f536b"
  dependencies:
    "@babel/runtime" "^7.4.3"
    "@react-pdf/unicode-properties" "^2.2.0"
    babel-runtime "^6.26.0"
    hyphen "^1.1.1"
    ramda "^0.26.1"

"@react-pdf/unicode-properties@^2.2.0":
  version "2.2.0"
  resolved "https://registry.yarnpkg.com/@react-pdf/unicode-properties/-/unicode-properties-2.2.0.tgz#f109eaac244ceb108011d4038cee4cc787cb40f3"
  dependencies:
    unicode-trie "^0.3.0"

"@types/yoga-layout@1.9.2":
  version "1.9.2"
  resolved "https://registry.yarnpkg.com/@types/yoga-layout/-/yoga-layout-1.9.2.tgz#efaf9e991a7390dc081a0b679185979a83a9639a"

amdefine@>=0.0.4:
  version "1.0.1"
  resolved "https://registry.yarnpkg.com/amdefine/-/amdefine-1.0.1.tgz#4a5282ac164729e93619bcfd3ad151f817ce91f5"

ast-transform@0.0.0:
  version "0.0.0"
  resolved "https://registry.yarnpkg.com/ast-transform/-/ast-transform-0.0.0.tgz#74944058887d8283e189d954600947bc98fe0062"
  dependencies:
    escodegen "~1.2.0"
    esprima "~1.0.4"
    through "~2.3.4"

ast-types@^0.7.0:
  version "0.7.8"
  resolved "https://registry.yarnpkg.com/ast-types/-/ast-types-0.7.8.tgz#902d2e0d60d071bdcd46dc115e1809ed11c138a9"

babel-runtime@^6.26.0:
  version "6.26.0"
  resolved "https://registry.yarnpkg.com/babel-runtime/-/babel-runtime-6.26.0.tgz#965c7058668e82b55d7bfe04ff2337bc8b5647fe"
  dependencies:
    core-js "^2.4.0"
    regenerator-runtime "^0.11.0"

base64-js@^1.1.2:
  version "1.3.1"
  resolved "https://registry.yarnpkg.com/base64-js/-/base64-js-1.3.1.tgz#58ece8cb75dd07e71ed08c736abc5fac4dbf8df1"

blob-stream@^0.1.3:
  version "0.1.3"
  resolved "https://registry.yarnpkg.com/blob-stream/-/blob-stream-0.1.3.tgz#98d668af6996e0f32ef666d06e215ccc7d77686c"
  dependencies:
    blob "0.0.4"

blob@0.0.4:
  version "0.0.4"
  resolved "https://registry.yarnpkg.com/blob/-/blob-0.0.4.tgz#bcf13052ca54463f30f9fc7e95b9a47630a94921"

brotli@^1.2.0:
  version "1.3.2"
  resolved "https://registry.yarnpkg.com/brotli/-/brotli-1.3.2.tgz#525a9cad4fcba96475d7d388f6aecb13eed52f46"
  dependencies:
    base64-js "^1.1.2"

browser-resolve@^1.8.1:
  version "1.11.3"
  resolved "https://registry.yarnpkg.com/browser-resolve/-/browser-resolve-1.11.3.tgz#9b7cbb3d0f510e4cb86bdbd796124d28b5890af6"
  dependencies:
    resolve "1.1.7"

browserify-optional@^1.0.0:
  version "1.0.1"
  resolved "https://registry.yarnpkg.com/browserify-optional/-/browserify-optional-1.0.1.tgz#1e13722cfde0d85f121676c2a72ced533a018869"
  dependencies:
    ast-transform "0.0.0"
    ast-types "^0.7.0"
    browser-resolve "^1.8.1"

bs-platform@^8.0.3:
  version "8.2.0"
  resolved "https://registry.yarnpkg.com/bs-platform/-/bs-platform-8.2.0.tgz#f3f4c06d5710a4c782f0ed030b1fe11e74a0a6d7"

clone@^1.0.1:
  version "1.0.4"
  resolved "https://registry.yarnpkg.com/clone/-/clone-1.0.4.tgz#da309cc263df15994c688ca902179ca3c7cd7c7e"

core-js@^2.4.0:
  version "2.6.11"
  resolved "https://registry.yarnpkg.com/core-js/-/core-js-2.6.11.tgz#38831469f9922bded8ee21c9dc46985e0399308c"

cross-fetch@^3.0.4:
  version "3.0.5"
  resolved "https://registry.yarnpkg.com/cross-fetch/-/cross-fetch-3.0.5.tgz#2739d2981892e7ab488a7ad03b92df2816e03f4c"
  dependencies:
    node-fetch "2.6.0"

deep-equal@^1.0.0:
  version "1.1.1"
  resolved "https://registry.yarnpkg.com/deep-equal/-/deep-equal-1.1.1.tgz#b5c98c942ceffaf7cb051e24e1434a25a2e6076a"
  dependencies:
    is-arguments "^1.0.4"
    is-date-object "^1.0.1"
    is-regex "^1.0.4"
    object-is "^1.0.1"
    object-keys "^1.1.1"
    regexp.prototype.flags "^1.2.0"

define-properties@^1.1.2, define-properties@^1.1.3:
  version "1.1.3"
  resolved "https://registry.yarnpkg.com/define-properties/-/define-properties-1.1.3.tgz#cf88da6cbee26fe6db7094f61d870cbd84cee9f1"
  dependencies:
    object-keys "^1.0.12"

dfa@^1.0.0:
  version "1.2.0"
  resolved "https://registry.yarnpkg.com/dfa/-/dfa-1.2.0.tgz#96ac3204e2d29c49ea5b57af8d92c2ae12790657"

emoji-regex@^8.0.0:
  version "8.0.0"
  resolved "https://registry.yarnpkg.com/emoji-regex/-/emoji-regex-8.0.0.tgz#e818fd69ce5ccfcb404594f842963bf53164cc37"

es-abstract@^1.17.0-next.1, es-abstract@^1.17.5:
  version "1.17.6"
  resolved "https://registry.yarnpkg.com/es-abstract/-/es-abstract-1.17.6.tgz#9142071707857b2cacc7b89ecb670316c3e2d52a"
  dependencies:
    es-to-primitive "^1.2.1"
    function-bind "^1.1.1"
    has "^1.0.3"
    has-symbols "^1.0.1"
    is-callable "^1.2.0"
    is-regex "^1.1.0"
    object-inspect "^1.7.0"
    object-keys "^1.1.1"
    object.assign "^4.1.0"
    string.prototype.trimend "^1.0.1"
    string.prototype.trimstart "^1.0.1"

es-to-primitive@^1.2.1:
  version "1.2.1"
  resolved "https://registry.yarnpkg.com/es-to-primitive/-/es-to-primitive-1.2.1.tgz#e55cd4c9cdc188bcefb03b366c736323fc5c898a"
  dependencies:
    is-callable "^1.1.4"
    is-date-object "^1.0.1"
    is-symbol "^1.0.2"

escodegen@~1.2.0:
  version "1.2.0"
  resolved "https://registry.yarnpkg.com/escodegen/-/escodegen-1.2.0.tgz#09de7967791cc958b7f89a2ddb6d23451af327e1"
  dependencies:
    esprima "~1.0.4"
    estraverse "~1.5.0"
    esutils "~1.0.0"
  optionalDependencies:
    source-map "~0.1.30"

esprima@~1.0.4:
  version "1.0.4"
  resolved "https://registry.yarnpkg.com/esprima/-/esprima-1.0.4.tgz#9f557e08fc3b4d26ece9dd34f8fbf476b62585ad"

estraverse@~1.5.0:
  version "1.5.1"
  resolved "https://registry.yarnpkg.com/estraverse/-/estraverse-1.5.1.tgz#867a3e8e58a9f84618afb6c2ddbcd916b7cbaf71"

esutils@~1.0.0:
  version "1.0.0"
  resolved "https://registry.yarnpkg.com/esutils/-/esutils-1.0.0.tgz#8151d358e20c8acc7fb745e7472c0025fe496570"

function-bind@^1.1.1:
  version "1.1.1"
  resolved "https://registry.yarnpkg.com/function-bind/-/function-bind-1.1.1.tgz#a56899d3ea3c9bab874bb9773b7c5ede92f4895d"

has-symbols@^1.0.0, has-symbols@^1.0.1:
  version "1.0.1"
  resolved "https://registry.yarnpkg.com/has-symbols/-/has-symbols-1.0.1.tgz#9f5214758a44196c406d9bd76cebf81ec2dd31e8"

has@^1.0.3:
  version "1.0.3"
  resolved "https://registry.yarnpkg.com/has/-/has-1.0.3.tgz#722d7cbfc1f6aa8241f16dd814e011e1f41e8796"
  dependencies:
    function-bind "^1.1.1"

hyphen@^1.1.1:
  version "1.6.2"
  resolved "https://registry.yarnpkg.com/hyphen/-/hyphen-1.6.2.tgz#321d794d92b778f39cb5db740a575c092463978c"

is-arguments@^1.0.4:
  version "1.0.4"
  resolved "https://registry.yarnpkg.com/is-arguments/-/is-arguments-1.0.4.tgz#3faf966c7cba0ff437fb31f6250082fcf0448cf3"

is-callable@^1.1.4, is-callable@^1.2.0:
  version "1.2.0"
  resolved "https://registry.yarnpkg.com/is-callable/-/is-callable-1.2.0.tgz#83336560b54a38e35e3a2df7afd0454d691468bb"

is-date-object@^1.0.1:
  version "1.0.2"
  resolved "https://registry.yarnpkg.com/is-date-object/-/is-date-object-1.0.2.tgz#bda736f2cd8fd06d32844e7743bfa7494c3bfd7e"

is-regex@^1.0.4, is-regex@^1.1.0:
  version "1.1.1"
  resolved "https://registry.yarnpkg.com/is-regex/-/is-regex-1.1.1.tgz#c6f98aacc546f6cec5468a07b7b153ab564a57b9"
  dependencies:
    has-symbols "^1.0.1"

is-symbol@^1.0.2:
  version "1.0.3"
  resolved "https://registry.yarnpkg.com/is-symbol/-/is-symbol-1.0.3.tgz#38e1014b9e6329be0de9d24a414fd7441ec61937"
  dependencies:
    has-symbols "^1.0.1"

is-url@^1.2.4:
  version "1.2.4"
  resolved "https://registry.yarnpkg.com/is-url/-/is-url-1.2.4.tgz#04a4df46d28c4cff3d73d01ff06abeb318a1aa52"

"js-tokens@^3.0.0 || ^4.0.0":
  version "4.0.0"
  resolved "https://registry.yarnpkg.com/js-tokens/-/js-tokens-4.0.0.tgz#19203fb59991df98e3a287050d4647cdeaf32499"

loose-envify@^1.1.0, loose-envify@^1.4.0:
  version "1.4.0"
  resolved "https://registry.yarnpkg.com/loose-envify/-/loose-envify-1.4.0.tgz#71ee51fa7be4caec1a63839f7e682d8132d30caf"
  dependencies:
    js-tokens "^3.0.0 || ^4.0.0"

lz-string@^1.4.4:
  version "1.4.4"
  resolved "https://registry.yarnpkg.com/lz-string/-/lz-string-1.4.4.tgz#c0d8eaf36059f705796e1e344811cf4c498d3a26"

media-engine@^1.0.3:
  version "1.0.3"
  resolved "https://registry.yarnpkg.com/media-engine/-/media-engine-1.0.3.tgz#be3188f6cd243ea2a40804a35de5a5b032f58dad"

node-fetch@2.6.0:
  version "2.6.0"
  resolved "https://registry.yarnpkg.com/node-fetch/-/node-fetch-2.6.0.tgz#e633456386d4aa55863f676a7ab0daa8fdecb0fd"

object-assign@^4.1.1:
  version "4.1.1"
  resolved "https://registry.yarnpkg.com/object-assign/-/object-assign-4.1.1.tgz#2109adc7965887cfc05cbbd442cac8bfbb360863"

object-inspect@^1.7.0:
  version "1.8.0"
  resolved "https://registry.yarnpkg.com/object-inspect/-/object-inspect-1.8.0.tgz#df807e5ecf53a609cc6bfe93eac3cc7be5b3a9d0"

object-is@^1.0.1:
  version "1.1.2"
  resolved "https://registry.yarnpkg.com/object-is/-/object-is-1.1.2.tgz#c5d2e87ff9e119f78b7a088441519e2eec1573b6"
  dependencies:
    define-properties "^1.1.3"
    es-abstract "^1.17.5"

object-keys@^1.0.11, object-keys@^1.0.12, object-keys@^1.1.1:
  version "1.1.1"
  resolved "https://registry.yarnpkg.com/object-keys/-/object-keys-1.1.1.tgz#1c47f272df277f3b1daf061677d9c82e2322c60e"

object.assign@^4.1.0:
  version "4.1.0"
  resolved "https://registry.yarnpkg.com/object.assign/-/object.assign-4.1.0.tgz#968bf1100d7956bb3ca086f006f846b3bc4008da"
  dependencies:
    define-properties "^1.1.2"
    function-bind "^1.1.1"
    has-symbols "^1.0.0"
    object-keys "^1.0.11"

page-wrapping@^1.1.0:
  version "1.1.0"
  resolved "https://registry.yarnpkg.com/page-wrapping/-/page-wrapping-1.1.0.tgz#8446eb6b17fa7c59d75f0f9c9ece5217ff5f29a4"

pako@^0.2.5:
  version "0.2.9"
  resolved "https://registry.yarnpkg.com/pako/-/pako-0.2.9.tgz#f3f7522f4ef782348da8161bad9ecfd51bf83a75"

prop-types@^15.6.2:
  version "15.7.2"
  resolved "https://registry.yarnpkg.com/prop-types/-/prop-types-15.7.2.tgz#52c41e75b8c87e72b9d9360e0206b99dcbffa6c5"
  dependencies:
    loose-envify "^1.4.0"
    object-assign "^4.1.1"
    react-is "^16.8.1"

ramda@^0.26.1:
  version "0.26.1"
  resolved "https://registry.yarnpkg.com/ramda/-/ramda-0.26.1.tgz#8d41351eb8111c55353617fc3bbffad8e4d35d06"

react-dom@^16.8.6:
  version "16.13.1"
  resolved "https://registry.yarnpkg.com/react-dom/-/react-dom-16.13.1.tgz#c1bd37331a0486c078ee54c4740720993b2e0e7f"
  dependencies:
    loose-envify "^1.1.0"
    object-assign "^4.1.1"
    prop-types "^15.6.2"
    scheduler "^0.19.1"

react-is@^16.8.1:
  version "16.13.1"
  resolved "https://registry.yarnpkg.com/react-is/-/react-is-16.13.1.tgz#789729a4dc36de2999dc156dd6c1d9c18cea56a4"

react-reconciler@^0.24.0:
  version "0.24.0"
  resolved "https://registry.yarnpkg.com/react-reconciler/-/react-reconciler-0.24.0.tgz#5a396b2c2f5efe8554134a5935f49f546723f2dd"
  dependencies:
    loose-envify "^1.1.0"
    object-assign "^4.1.1"
    prop-types "^15.6.2"
    scheduler "^0.18.0"

react@^16.8.6:
  version "16.13.1"
  resolved "https://registry.yarnpkg.com/react/-/react-16.13.1.tgz#2e818822f1a9743122c063d6410d85c1e3afe48e"
  dependencies:
    loose-envify "^1.1.0"
    object-assign "^4.1.1"
    prop-types "^15.6.2"

reason-react@^0.9.0:
  version "0.9.1"
  resolved "https://registry.yarnpkg.com/reason-react/-/reason-react-0.9.1.tgz#30a887158200b659aa03e2d75ff4cc54dc462bb0"

regenerator-runtime@^0.11.0:
  version "0.11.1"
  resolved "https://registry.yarnpkg.com/regenerator-runtime/-/regenerator-runtime-0.11.1.tgz#be05ad7f9bf7d22e056f9726cee5017fbf19e2e9"

regenerator-runtime@^0.13.4:
  version "0.13.7"
  resolved "https://registry.yarnpkg.com/regenerator-runtime/-/regenerator-runtime-0.13.7.tgz#cac2dacc8a1ea675feaabaeb8ae833898ae46f55"

regexp.prototype.flags@^1.2.0:
  version "1.3.0"
  resolved "https://registry.yarnpkg.com/regexp.prototype.flags/-/regexp.prototype.flags-1.3.0.tgz#7aba89b3c13a64509dabcf3ca8d9fbb9bdf5cb75"
  dependencies:
    define-properties "^1.1.3"
    es-abstract "^1.17.0-next.1"

resolve@1.1.7:
  version "1.1.7"
  resolved "https://registry.yarnpkg.com/resolve/-/resolve-1.1.7.tgz#203114d82ad2c5ed9e8e0411b3932875e889e97b"

restructure@^0.5.3:
  version "0.5.4"
  resolved "https://registry.yarnpkg.com/restructure/-/restructure-0.5.4.tgz#f54e7dd563590fb34fd6bf55876109aeccb28de8"
  dependencies:
    browserify-optional "^1.0.0"

scheduler@^0.18.0:
  version "0.18.0"
  resolved "https://registry.yarnpkg.com/scheduler/-/scheduler-0.18.0.tgz#5901ad6659bc1d8f3fdaf36eb7a67b0d6746b1c4"
  dependencies:
    loose-envify "^1.1.0"
    object-assign "^4.1.1"

scheduler@^0.19.1:
  version "0.19.1"
  resolved "https://registry.yarnpkg.com/scheduler/-/scheduler-0.19.1.tgz#4f3e2ed2c1a7d65681f4c854fa8c5a1ccb40f196"
  dependencies:
    loose-envify "^1.1.0"
    object-assign "^4.1.1"

source-map@~0.1.30:
  version "0.1.43"
  resolved "https://registry.yarnpkg.com/source-map/-/source-map-0.1.43.tgz#c24bc146ca517c1471f5dacbe2571b2b7f9e3346"
  dependencies:
    amdefine ">=0.0.4"

string.prototype.trimend@^1.0.1:
  version "1.0.1"
  resolved "https://registry.yarnpkg.com/string.prototype.trimend/-/string.prototype.trimend-1.0.1.tgz#85812a6b847ac002270f5808146064c995fb6913"
  dependencies:
    define-properties "^1.1.3"
    es-abstract "^1.17.5"

string.prototype.trimstart@^1.0.1:
  version "1.0.1"
  resolved "https://registry.yarnpkg.com/string.prototype.trimstart/-/string.prototype.trimstart-1.0.1.tgz#14af6d9f34b053f7cfc89b72f8f2ee14b9039a54"
  dependencies:
    define-properties "^1.1.3"
    es-abstract "^1.17.5"

through@~2.3.4:
  version "2.3.8"
  resolved "https://registry.yarnpkg.com/through/-/through-2.3.8.tgz#0dd4c9ffaabc357960b1b724115d7e0e86a2e1f5"

tiny-inflate@^1.0.0, tiny-inflate@^1.0.2:
  version "1.0.3"
  resolved "https://registry.yarnpkg.com/tiny-inflate/-/tiny-inflate-1.0.3.tgz#122715494913a1805166aaf7c93467933eea26c4"

unicode-trie@^0.3.0:
  version "0.3.1"
  resolved "https://registry.yarnpkg.com/unicode-trie/-/unicode-trie-0.3.1.tgz#d671dddd89101a08bac37b6a5161010602052085"
  dependencies:
    pako "^0.2.5"
    tiny-inflate "^1.0.0"

yoga-layout-prebuilt@^1.9.3:
  version "1.9.6"
  resolved "https://registry.yarnpkg.com/yoga-layout-prebuilt/-/yoga-layout-prebuilt-1.9.6.tgz#98dde95bbf8e6e12835876e9305f1e995c4bb801"
  dependencies:
    "@types/yoga-layout" "1.9.2"
